
Microsoft Visual Studio Solution File, Format Version 12.00
# Visual Studio Version 17
VisualStudioVersion = 17.7.34031.279
MinimumVisualStudioVersion = 10.0.40219.1
Project("{FAE04EC0-301F-11D3-BF4B-00C04F79EFBC}") = "Shopping.Client", "Shopping.Client\Shopping.Client.csproj", "{F518AEDC-0C62-45AD-B0DA-41A718EE7202}"
EndProject
Global
	GlobalSection(SolutionConfigurationPlatforms) = preSolution
		Debug|Any CPU = Debug|Any CPU
		Release|Any CPU = Release|Any CPU
	EndGlobalSection
	GlobalSection(ProjectConfigurationPlatforms) = postSolution
		{F518AEDC-0C62-45AD-B0DA-41A718EE7202}.Debug|Any CPU.ActiveCfg = Debug|Any CPU
		{F518AEDC-0C62-45AD-B0DA-41A718EE7202}.Debug|Any CPU.Build.0 = Debug|Any CPU
		{F518AEDC-0C62-45AD-B0DA-41A718EE7202}.Release|Any CPU.ActiveCfg = Release|Any CPU
		{F518AEDC-0C62-45AD-B0DA-41A718EE7202}.Release|Any CPU.Build.0 = Release|Any CPU
	EndGlobalSection
	GlobalSection(SolutionProperties) = preSolution
		HideSolutionNode = FALSE
	EndGlobalSection
	GlobalSection(ExtensibilityGlobals) = postSolution
		SolutionGuid = {DF566D63-4A10-42EC-A30A-897ECEA76FF0}
	EndGlobalSection
EndGlobal
